
Microsoft Visual Studio Solution File, Format Version 12.00
# Visual Studio 15
VisualStudioVersion = 15.0.27004.2005
MinimumVisualStudioVersion = 10.0.40219.1
Project("{FAE04EC0-301F-11D3-BF4B-00C04F79EFBC}") = "LinkedProject", "LinkedProject\LinkedProject.csproj", "{001DDDA4-077A-44A9-8BD1-A2D65AB9C608}"
EndProject
Global
	GlobalSection(SolutionConfigurationPlatforms) = preSolution
		Debug|Any CPU = Debug|Any CPU
		Release|Any CPU = Release|Any CPU
	EndGlobalSection
	GlobalSection(ProjectConfigurationPlatforms) = postSolution
		{001DDDA4-077A-44A9-8BD1-A2D65AB9C608}.Debug|Any CPU.ActiveCfg = Debug|Any CPU
		{001DDDA4-077A-44A9-8BD1-A2D65AB9C608}.Debug|Any CPU.Build.0 = Debug|Any CPU
		{001DDDA4-077A-44A9-8BD1-A2D65AB9C608}.Release|Any CPU.ActiveCfg = Release|Any CPU
		{001DDDA4-077A-44A9-8BD1-A2D65AB9C608}.Release|Any CPU.Build.0 = Release|Any CPU
	EndGlobalSection
	GlobalSection(SolutionProperties) = preSolution
		HideSolutionNode = FALSE
	EndGlobalSection
	GlobalSection(ExtensibilityGlobals) = postSolution
		SolutionGuid = {CE572458-BABC-4C89-A641-FF6F2BEE7312}
	EndGlobalSection
EndGlobal
